
Microsoft Visual Studio Solution File, Format Version 12.00
# Visual Studio Version 16
VisualStudioVersion = 16.0.30523.141
MinimumVisualStudioVersion = 10.0.40219.1
Project("{FAE04EC0-301F-11D3-BF4B-00C04F79EFBC}") = "UnitTestExample", "UnitTestExample.csproj", "{A417AD6E-2C31-42B2-AEAF-B81CCF4F59CB}"
EndProject
Global
	GlobalSection(SolutionConfigurationPlatforms) = preSolution
		Debug|Any CPU = Debug|Any CPU
		Release|Any CPU = Release|Any CPU
	EndGlobalSection
	GlobalSection(ProjectConfigurationPlatforms) = postSolution
		{A417AD6E-2C31-42B2-AEAF-B81CCF4F59CB}.Debug|Any CPU.ActiveCfg = Debug|Any CPU
		{A417AD6E-2C31-42B2-AEAF-B81CCF4F59CB}.Debug|Any CPU.Build.0 = Debug|Any CPU
		{A417AD6E-2C31-42B2-AEAF-B81CCF4F59CB}.Release|Any CPU.ActiveCfg = Release|Any CPU
		{A417AD6E-2C31-42B2-AEAF-B81CCF4F59CB}.Release|Any CPU.Build.0 = Release|Any CPU
	EndGlobalSection
	GlobalSection(SolutionProperties) = preSolution
		HideSolutionNode = FALSE
	EndGlobalSection
	GlobalSection(ExtensibilityGlobals) = postSolution
		SolutionGuid = {65CBD1CD-5E89-40CF-9EA8-38541ABE3493}
	EndGlobalSection
EndGlobal
